// !$*UTF8*$!
{
	archiveVersion = 1;
	classes = {
	};
	objectVersion = 51;
	objects = {

/* Begin PBXBuildFile section */
		1F93F0CF490634388703E583 /* Pods_SpringOvertrue.framework in Frameworks */ = {isa = PBXBuildFile; fileRef = 494E81618896ED91C10B1650 /* Pods_SpringOvertrue.framework */; };
		9675D0AF26B2EEA2000D06BA /* SOUserManager.m in Sources */ = {isa = PBXBuildFile; fileRef = 9675D0AE26B2EEA2000D06BA /* SOUserManager.m */; };
		9675D0B326B59412000D06BA /* SOBaseViewController.m in Sources */ = {isa = PBXBuildFile; fileRef = 9675D0B226B59412000D06BA /* SOBaseViewController.m */; };
		9675D0B926B5A6BB000D06BA /* SOLaunchTaskRegisterTable.plist in Resources */ = {isa = PBXBuildFile; fileRef = 9675D0B826B5A6BB000D06BA /* SOLaunchTaskRegisterTable.plist */; };
		9675D0BD26B5AAEF000D06BA /* SOBaseCom.m in Sources */ = {isa = PBXBuildFile; fileRef = 9675D0BC26B5AAEF000D06BA /* SOBaseCom.m */; };
		967A7563269F270C000B762B /* Main.storyboard in Resources */ = {isa = PBXBuildFile; fileRef = 967A7561269F270C000B762B /* Main.storyboard */; };
		967A7565269F270E000B762B /* Assets.xcassets in Resources */ = {isa = PBXBuildFile; fileRef = 967A7564269F270E000B762B /* Assets.xcassets */; };
		967A7568269F270E000B762B /* LaunchScreen.storyboard in Resources */ = {isa = PBXBuildFile; fileRef = 967A7566269F270E000B762B /* LaunchScreen.storyboard */; };
		967A756B269F270E000B762B /* main.m in Sources */ = {isa = PBXBuildFile; fileRef = 967A756A269F270E000B762B /* main.m */; };
		968142CC26A07C8400207460 /* LaunchTask.m in Sources */ = {isa = PBXBuildFile; fileRef = 968142CB26A07C8400207460 /* LaunchTask.m */; };
		968142CF26A07C9800207460 /* LaunchManager.m in Sources */ = {isa = PBXBuildFile; fileRef = 968142CE26A07C9800207460 /* LaunchManager.m */; };
		968142D326A0A1BA00207460 /* LaunchWxSDK.m in Sources */ = {isa = PBXBuildFile; fileRef = 968142D226A0A1BA00207460 /* LaunchWxSDK.m */; };
		968142D626A0A1DC00207460 /* LaunchRootVc.m in Sources */ = {isa = PBXBuildFile; fileRef = 968142D526A0A1DC00207460 /* LaunchRootVc.m */; };
		9681DCAB26B197020062EAD3 /* SOApiError.m in Sources */ = {isa = PBXBuildFile; fileRef = 9681DCAA26B197020062EAD3 /* SOApiError.m */; };
		9681DCAF26B1A2220062EAD3 /* SOApiRoute.m in Sources */ = {isa = PBXBuildFile; fileRef = 9681DCAE26B1A2220062EAD3 /* SOApiRoute.m */; };
		9681DCB226B1A24E0062EAD3 /* SOApiRequestConfig.m in Sources */ = {isa = PBXBuildFile; fileRef = 9681DCB126B1A24E0062EAD3 /* SOApiRequestConfig.m */; };
		9681DCB526B1A26B0062EAD3 /* SOApiRequestClient.m in Sources */ = {isa = PBXBuildFile; fileRef = 9681DCB426B1A26B0062EAD3 /* SOApiRequestClient.m */; };
		9681DCB926B1AE600062EAD3 /* SOAppInfo.m in Sources */ = {isa = PBXBuildFile; fileRef = 9681DCB826B1AE600062EAD3 /* SOAppInfo.m */; };
		96A2F7AB269F408100024350 /* SOAppDelegate.m in Sources */ = {isa = PBXBuildFile; fileRef = 96A2F7AA269F408100024350 /* SOAppDelegate.m */; };
		96ECF0E326B04DB100B8A0CD /* SOBaseModel.m in Sources */ = {isa = PBXBuildFile; fileRef = 96ECF0D926B04DB100B8A0CD /* SOBaseModel.m */; };
		96ECF0E426B04DB100B8A0CD /* SOUIUtils.m in Sources */ = {isa = PBXBuildFile; fileRef = 96ECF0DC26B04DB100B8A0CD /* SOUIUtils.m */; };
		96ECF0E526B04DB100B8A0CD /* UIView+SOUtil.m in Sources */ = {isa = PBXBuildFile; fileRef = 96ECF0E126B04DB100B8A0CD /* UIView+SOUtil.m */; };
		96ECF0E626B04DB100B8A0CD /* UIView+SOLayout.m in Sources */ = {isa = PBXBuildFile; fileRef = 96ECF0E226B04DB100B8A0CD /* UIView+SOLayout.m */; };
		96ECF0F626B04DBB00B8A0CD /* SOLoginRegisterViewController.m in Sources */ = {isa = PBXBuildFile; fileRef = 96ECF0E826B04DBB00B8A0CD /* SOLoginRegisterViewController.m */; };
		96ECF0F726B04DBB00B8A0CD /* SOWXApiManager.m in Sources */ = {isa = PBXBuildFile; fileRef = 96ECF0EC26B04DBB00B8A0CD /* SOWXApiManager.m */; };
		96ECF0F826B04DBB00B8A0CD /* SOLoginCom.m in Sources */ = {isa = PBXBuildFile; fileRef = 96ECF0ED26B04DBB00B8A0CD /* SOLoginCom.m */; };
		96ECF0FA26B04DBB00B8A0CD /* SOLoginRegisterRespModel.m in Sources */ = {isa = PBXBuildFile; fileRef = 96ECF0F326B04DBB00B8A0CD /* SOLoginRegisterRespModel.m */; };
		96ECF0FB26B04DBB00B8A0CD /* SOLoginRegisterReqModel.m in Sources */ = {isa = PBXBuildFile; fileRef = 96ECF0F426B04DBB00B8A0CD /* SOLoginRegisterReqModel.m */; };
/* End PBXBuildFile section */

/* Begin PBXFileReference section */
		494E81618896ED91C10B1650 /* Pods_SpringOvertrue.framework */ = {isa = PBXFileReference; explicitFileType = wrapper.framework; includeInIndex = 0; path = Pods_SpringOvertrue.framework; sourceTree = BUILT_PRODUCTS_DIR; };
		96619BD026A86B6800EA0F3B /* SOLoginModule.framework */ = {isa = PBXFileReference; explicitFileType = wrapper.framework; path = SOLoginModule.framework; sourceTree = BUILT_PRODUCTS_DIR; };
		9675D0AD26B2EEA2000D06BA /* SOUserManager.h */ = {isa = PBXFileReference; lastKnownFileType = sourcecode.c.h; path = SOUserManager.h; sourceTree = "<group>"; };
		9675D0AE26B2EEA2000D06BA /* SOUserManager.m */ = {isa = PBXFileReference; lastKnownFileType = sourcecode.c.objc; path = SOUserManager.m; sourceTree = "<group>"; };
		9675D0B126B59412000D06BA /* SOBaseViewController.h */ = {isa = PBXFileReference; lastKnownFileType = sourcecode.c.h; path = SOBaseViewController.h; sourceTree = "<group>"; };
		9675D0B226B59412000D06BA /* SOBaseViewController.m */ = {isa = PBXFileReference; lastKnownFileType = sourcecode.c.objc; path = SOBaseViewController.m; sourceTree = "<group>"; };
		9675D0B826B5A6BB000D06BA /* SOLaunchTaskRegisterTable.plist */ = {isa = PBXFileReference; lastKnownFileType = text.plist.xml; path = SOLaunchTaskRegisterTable.plist; sourceTree = "<group>"; };
		9675D0BB26B5AAEF000D06BA /* SOBaseCom.h */ = {isa = PBXFileReference; lastKnownFileType = sourcecode.c.h; path = SOBaseCom.h; sourceTree = "<group>"; };
		9675D0BC26B5AAEF000D06BA /* SOBaseCom.m */ = {isa = PBXFileReference; lastKnownFileType = sourcecode.c.objc; path = SOBaseCom.m; sourceTree = "<group>"; };
		967A7555269F270C000B762B /* SpringOvertrue.app */ = {isa = PBXFileReference; explicitFileType = wrapper.application; includeInIndex = 0; path = SpringOvertrue.app; sourceTree = BUILT_PRODUCTS_DIR; };
		967A7562269F270C000B762B /* Base */ = {isa = PBXFileReference; lastKnownFileType = file.storyboard; name = Base; path = Base.lproj/Main.storyboard; sourceTree = "<group>"; };
		967A7564269F270E000B762B /* Assets.xcassets */ = {isa = PBXFileReference; lastKnownFileType = folder.assetcatalog; path = Assets.xcassets; sourceTree = "<group>"; };
		967A7567269F270E000B762B /* Base */ = {isa = PBXFileReference; lastKnownFileType = file.storyboard; name = Base; path = Base.lproj/LaunchScreen.storyboard; sourceTree = "<group>"; };
		967A7569269F270E000B762B /* Info.plist */ = {isa = PBXFileReference; lastKnownFileType = text.plist.xml; path = Info.plist; sourceTree = "<group>"; };
		967A756A269F270E000B762B /* main.m */ = {isa = PBXFileReference; lastKnownFileType = sourcecode.c.objc; path = main.m; sourceTree = "<group>"; };
		968142CA26A07C8400207460 /* LaunchTask.h */ = {isa = PBXFileReference; lastKnownFileType = sourcecode.c.h; path = LaunchTask.h; sourceTree = "<group>"; };
		968142CB26A07C8400207460 /* LaunchTask.m */ = {isa = PBXFileReference; lastKnownFileType = sourcecode.c.objc; path = LaunchTask.m; sourceTree = "<group>"; };
		968142CD26A07C9800207460 /* LaunchManager.h */ = {isa = PBXFileReference; lastKnownFileType = sourcecode.c.h; path = LaunchManager.h; sourceTree = "<group>"; };
		968142CE26A07C9800207460 /* LaunchManager.m */ = {isa = PBXFileReference; lastKnownFileType = sourcecode.c.objc; path = LaunchManager.m; sourceTree = "<group>"; };
		968142D026A07CF100207460 /* LaunchManagerProtocol.h */ = {isa = PBXFileReference; lastKnownFileType = sourcecode.c.h; path = LaunchManagerProtocol.h; sourceTree = "<group>"; };
		968142D126A0A1BA00207460 /* LaunchWxSDK.h */ = {isa = PBXFileReference; lastKnownFileType = sourcecode.c.h; path = LaunchWxSDK.h; sourceTree = "<group>"; };
		968142D226A0A1BA00207460 /* LaunchWxSDK.m */ = {isa = PBXFileReference; lastKnownFileType = sourcecode.c.objc; path = LaunchWxSDK.m; sourceTree = "<group>"; };
		968142D426A0A1DC00207460 /* LaunchRootVc.h */ = {isa = PBXFileReference; lastKnownFileType = sourcecode.c.h; path = LaunchRootVc.h; sourceTree = "<group>"; };
		968142D526A0A1DC00207460 /* LaunchRootVc.m */ = {isa = PBXFileReference; lastKnownFileType = sourcecode.c.objc; path = LaunchRootVc.m; sourceTree = "<group>"; };
		968142E026A1C1EB00207460 /* SOPrefixHeader.pch */ = {isa = PBXFileReference; lastKnownFileType = sourcecode.c.h; path = SOPrefixHeader.pch; sourceTree = "<group>"; };
		9681DCA926B197020062EAD3 /* SOApiError.h */ = {isa = PBXFileReference; lastKnownFileType = sourcecode.c.h; path = SOApiError.h; sourceTree = "<group>"; };
		9681DCAA26B197020062EAD3 /* SOApiError.m */ = {isa = PBXFileReference; lastKnownFileType = sourcecode.c.objc; path = SOApiError.m; sourceTree = "<group>"; };
		9681DCAC26B1A1DE0062EAD3 /* SONetworkMacro.h */ = {isa = PBXFileReference; lastKnownFileType = sourcecode.c.h; path = SONetworkMacro.h; sourceTree = "<group>"; };
		9681DCAD26B1A2220062EAD3 /* SOApiRoute.h */ = {isa = PBXFileReference; lastKnownFileType = sourcecode.c.h; path = SOApiRoute.h; sourceTree = "<group>"; };
		9681DCAE26B1A2220062EAD3 /* SOApiRoute.m */ = {isa = PBXFileReference; lastKnownFileType = sourcecode.c.objc; path = SOApiRoute.m; sourceTree = "<group>"; };
		9681DCB026B1A24E0062EAD3 /* SOApiRequestConfig.h */ = {isa = PBXFileReference; lastKnownFileType = sourcecode.c.h; path = SOApiRequestConfig.h; sourceTree = "<group>"; };
		9681DCB126B1A24E0062EAD3 /* SOApiRequestConfig.m */ = {isa = PBXFileReference; lastKnownFileType = sourcecode.c.objc; path = SOApiRequestConfig.m; sourceTree = "<group>"; };
		9681DCB326B1A26B0062EAD3 /* SOApiRequestClient.h */ = {isa = PBXFileReference; lastKnownFileType = sourcecode.c.h; path = SOApiRequestClient.h; sourceTree = "<group>"; };
		9681DCB426B1A26B0062EAD3 /* SOApiRequestClient.m */ = {isa = PBXFileReference; lastKnownFileType = sourcecode.c.objc; path = SOApiRequestClient.m; sourceTree = "<group>"; };
		9681DCB726B1AE600062EAD3 /* SOAppInfo.h */ = {isa = PBXFileReference; lastKnownFileType = sourcecode.c.h; path = SOAppInfo.h; sourceTree = "<group>"; };
		9681DCB826B1AE600062EAD3 /* SOAppInfo.m */ = {isa = PBXFileReference; lastKnownFileType = sourcecode.c.objc; path = SOAppInfo.m; sourceTree = "<group>"; };
		96A2F7A9269F408100024350 /* SOAppDelegate.h */ = {isa = PBXFileReference; lastKnownFileType = sourcecode.c.h; path = SOAppDelegate.h; sourceTree = "<group>"; };
		96A2F7AA269F408100024350 /* SOAppDelegate.m */ = {isa = PBXFileReference; lastKnownFileType = sourcecode.c.objc; path = SOAppDelegate.m; sourceTree = "<group>"; };
		96ECF0D926B04DB100B8A0CD /* SOBaseModel.m */ = {isa = PBXFileReference; fileEncoding = 4; lastKnownFileType = sourcecode.c.objc; path = SOBaseModel.m; sourceTree = "<group>"; };
		96ECF0DA26B04DB100B8A0CD /* SOBaseModel.h */ = {isa = PBXFileReference; fileEncoding = 4; lastKnownFileType = sourcecode.c.h; path = SOBaseModel.h; sourceTree = "<group>"; };
		96ECF0DC26B04DB100B8A0CD /* SOUIUtils.m */ = {isa = PBXFileReference; fileEncoding = 4; lastKnownFileType = sourcecode.c.objc; path = SOUIUtils.m; sourceTree = "<group>"; };
		96ECF0DD26B04DB100B8A0CD /* SOUIUtils.h */ = {isa = PBXFileReference; fileEncoding = 4; lastKnownFileType = sourcecode.c.h; path = SOUIUtils.h; sourceTree = "<group>"; };
		96ECF0DF26B04DB100B8A0CD /* UIView+SOUtil.h */ = {isa = PBXFileReference; fileEncoding = 4; lastKnownFileType = sourcecode.c.h; path = "UIView+SOUtil.h"; sourceTree = "<group>"; };
		96ECF0E026B04DB100B8A0CD /* UIView+SOLayout.h */ = {isa = PBXFileReference; fileEncoding = 4; lastKnownFileType = sourcecode.c.h; path = "UIView+SOLayout.h"; sourceTree = "<group>"; };
		96ECF0E126B04DB100B8A0CD /* UIView+SOUtil.m */ = {isa = PBXFileReference; fileEncoding = 4; lastKnownFileType = sourcecode.c.objc; path = "UIView+SOUtil.m"; sourceTree = "<group>"; };
		96ECF0E226B04DB100B8A0CD /* UIView+SOLayout.m */ = {isa = PBXFileReference; fileEncoding = 4; lastKnownFileType = sourcecode.c.objc; path = "UIView+SOLayout.m"; sourceTree = "<group>"; };
		96ECF0E826B04DBB00B8A0CD /* SOLoginRegisterViewController.m */ = {isa = PBXFileReference; fileEncoding = 4; lastKnownFileType = sourcecode.c.objc; path = SOLoginRegisterViewController.m; sourceTree = "<group>"; };
		96ECF0E926B04DBB00B8A0CD /* SOLoginRegisterViewController.h */ = {isa = PBXFileReference; fileEncoding = 4; lastKnownFileType = sourcecode.c.h; path = SOLoginRegisterViewController.h; sourceTree = "<group>"; };
		96ECF0EC26B04DBB00B8A0CD /* SOWXApiManager.m */ = {isa = PBXFileReference; fileEncoding = 4; lastKnownFileType = sourcecode.c.objc; path = SOWXApiManager.m; sourceTree = "<group>"; };
		96ECF0ED26B04DBB00B8A0CD /* SOLoginCom.m */ = {isa = PBXFileReference; fileEncoding = 4; lastKnownFileType = sourcecode.c.objc; path = SOLoginCom.m; sourceTree = "<group>"; };
		96ECF0EF26B04DBB00B8A0CD /* SOWXApiManager.h */ = {isa = PBXFileReference; fileEncoding = 4; lastKnownFileType = sourcecode.c.h; path = SOWXApiManager.h; sourceTree = "<group>"; };
		96ECF0F026B04DBB00B8A0CD /* SOLoginCom.h */ = {isa = PBXFileReference; fileEncoding = 4; lastKnownFileType = sourcecode.c.h; path = SOLoginCom.h; sourceTree = "<group>"; };
		96ECF0F226B04DBB00B8A0CD /* SOLoginRegisterReqModel.h */ = {isa = PBXFileReference; fileEncoding = 4; lastKnownFileType = sourcecode.c.h; path = SOLoginRegisterReqModel.h; sourceTree = "<group>"; };
		96ECF0F326B04DBB00B8A0CD /* SOLoginRegisterRespModel.m */ = {isa = PBXFileReference; fileEncoding = 4; lastKnownFileType = sourcecode.c.objc; path = SOLoginRegisterRespModel.m; sourceTree = "<group>"; };
		96ECF0F426B04DBB00B8A0CD /* SOLoginRegisterReqModel.m */ = {isa = PBXFileReference; fileEncoding = 4; lastKnownFileType = sourcecode.c.objc; path = SOLoginRegisterReqModel.m; sourceTree = "<group>"; };
		96ECF0F526B04DBB00B8A0CD /* SOLoginRegisterRespModel.h */ = {isa = PBXFileReference; fileEncoding = 4; lastKnownFileType = sourcecode.c.h; path = SOLoginRegisterRespModel.h; sourceTree = "<group>"; };
		CF5EA8A67C3236AC66BA5931 /* Pods-SpringOvertrue.debug.xcconfig */ = {isa = PBXFileReference; includeInIndex = 1; lastKnownFileType = text.xcconfig; name = "Pods-SpringOvertrue.debug.xcconfig"; path = "Target Support Files/Pods-SpringOvertrue/Pods-SpringOvertrue.debug.xcconfig"; sourceTree = "<group>"; };
		FEC5E6CBBF7C425F7EF8E057 /* Pods-SpringOvertrue.release.xcconfig */ = {isa = PBXFileReference; includeInIndex = 1; lastKnownFileType = text.xcconfig; name = "Pods-SpringOvertrue.release.xcconfig"; path = "Target Support Files/Pods-SpringOvertrue/Pods-SpringOvertrue.release.xcconfig"; sourceTree = "<group>"; };
/* End PBXFileReference section */

/* Begin PBXFrameworksBuildPhase section */
		967A7552269F270C000B762B /* Frameworks */ = {
			isa = PBXFrameworksBuildPhase;
			buildActionMask = 2147483647;
			files = (
				1F93F0CF490634388703E583 /* Pods_SpringOvertrue.framework in Frameworks */,
			);
			runOnlyForDeploymentPostprocessing = 0;
		};
/* End PBXFrameworksBuildPhase section */

/* Begin PBXGroup section */
		134189F25678D169FC30BF97 /* Pods */ = {
			isa = PBXGroup;
			children = (
				CF5EA8A67C3236AC66BA5931 /* Pods-SpringOvertrue.debug.xcconfig */,
				FEC5E6CBBF7C425F7EF8E057 /* Pods-SpringOvertrue.release.xcconfig */,
			);
			path = Pods;
			sourceTree = "<group>";
		};
		787EC3D5FEA3E171F4E4B540 /* Frameworks */ = {
			isa = PBXGroup;
			children = (
				96619BD026A86B6800EA0F3B /* SOLoginModule.framework */,
				494E81618896ED91C10B1650 /* Pods_SpringOvertrue.framework */,
			);
			name = Frameworks;
			sourceTree = "<group>";
		};
		9675D0AB26B2EE50000D06BA /* BaseCom */ = {
			isa = PBXGroup;
			children = (
				9675D0B026B59403000D06BA /* VC */,
				9675D0AC26B2EE85000D06BA /* Com */,
				96ECF0D826B04DB100B8A0CD /* Model */,
			);
			path = BaseCom;
			sourceTree = "<group>";
		};
		9675D0AC26B2EE85000D06BA /* Com */ = {
			isa = PBXGroup;
			children = (
				9675D0BB26B5AAEF000D06BA /* SOBaseCom.h */,
				9675D0BC26B5AAEF000D06BA /* SOBaseCom.m */,
			);
			path = Com;
			sourceTree = "<group>";
		};
		9675D0B026B59403000D06BA /* VC */ = {
			isa = PBXGroup;
			children = (
				9675D0B126B59412000D06BA /* SOBaseViewController.h */,
				9675D0B226B59412000D06BA /* SOBaseViewController.m */,
			);
			path = VC;
			sourceTree = "<group>";
		};
		9675D0B726B59706000D06BA /* Business */ = {
			isa = PBXGroup;
			children = (
				9675D0BA26B5AABE000D06BA /* SOUserModule */,
				96ECF0D426B04D1300B8A0CD /* SOLoginModule */,
			);
			path = Business;
			sourceTree = "<group>";
		};
		9675D0BA26B5AABE000D06BA /* SOUserModule */ = {
			isa = PBXGroup;
			children = (
				9675D0AD26B2EEA2000D06BA /* SOUserManager.h */,
				9675D0AE26B2EEA2000D06BA /* SOUserManager.m */,
			);
			path = SOUserModule;
			sourceTree = "<group>";
		};
		967A754C269F270C000B762B = {
			isa = PBXGroup;
			children = (
				967A7557269F270C000B762B /* SpringOvertrue */,
				967A7556269F270C000B762B /* Products */,
				134189F25678D169FC30BF97 /* Pods */,
				787EC3D5FEA3E171F4E4B540 /* Frameworks */,
			);
			sourceTree = "<group>";
		};
		967A7556269F270C000B762B /* Products */ = {
			isa = PBXGroup;
			children = (
				967A7555269F270C000B762B /* SpringOvertrue.app */,
			);
			name = Products;
			sourceTree = "<group>";
		};
		967A7557269F270C000B762B /* SpringOvertrue */ = {
			isa = PBXGroup;
			children = (
				96A2F7AC269F410600024350 /* App */,
			);
			path = SpringOvertrue;
			sourceTree = "<group>";
		};
		968142C926A07C1E00207460 /* LaunchTaskManager */ = {
			isa = PBXGroup;
			children = (
				968142D026A07CF100207460 /* LaunchManagerProtocol.h */,
				968142CA26A07C8400207460 /* LaunchTask.h */,
				968142CB26A07C8400207460 /* LaunchTask.m */,
				968142CD26A07C9800207460 /* LaunchManager.h */,
				968142CE26A07C9800207460 /* LaunchManager.m */,
				968142D126A0A1BA00207460 /* LaunchWxSDK.h */,
				968142D226A0A1BA00207460 /* LaunchWxSDK.m */,
				968142D426A0A1DC00207460 /* LaunchRootVc.h */,
				968142D526A0A1DC00207460 /* LaunchRootVc.m */,
				9675D0B826B5A6BB000D06BA /* SOLaunchTaskRegisterTable.plist */,
			);
			path = LaunchTaskManager;
			sourceTree = "<group>";
		};
		9681DCB626B1AE500062EAD3 /* App */ = {
			isa = PBXGroup;
			children = (
				9681DCB726B1AE600062EAD3 /* SOAppInfo.h */,
				9681DCB826B1AE600062EAD3 /* SOAppInfo.m */,
			);
			path = App;
			sourceTree = "<group>";
		};
		96A2F7AC269F410600024350 /* App */ = {
			isa = PBXGroup;
			children = (
				9675D0AB26B2EE50000D06BA /* BaseCom */,
				96ECF0D726B04DB100B8A0CD /* Network */,
				96ECF0D626B04D2F00B8A0CD /* SOUtiles */,
				968142C926A07C1E00207460 /* LaunchTaskManager */,
				9675D0B726B59706000D06BA /* Business */,
				96A2F7A9269F408100024350 /* SOAppDelegate.h */,
				96A2F7AA269F408100024350 /* SOAppDelegate.m */,
				967A7561269F270C000B762B /* Main.storyboard */,
				967A7564269F270E000B762B /* Assets.xcassets */,
				967A7566269F270E000B762B /* LaunchScreen.storyboard */,
				967A7569269F270E000B762B /* Info.plist */,
				967A756A269F270E000B762B /* main.m */,
				968142E026A1C1EB00207460 /* SOPrefixHeader.pch */,
			);
			path = App;
			sourceTree = "<group>";
		};
		96ECF0D426B04D1300B8A0CD /* SOLoginModule */ = {
			isa = PBXGroup;
			children = (
				96ECF0EA26B04DBB00B8A0CD /* Com */,
				96ECF0F126B04DBB00B8A0CD /* Model */,
				96ECF0E726B04DBB00B8A0CD /* VC */,
			);
			path = SOLoginModule;
			sourceTree = "<group>";
		};
		96ECF0D626B04D2F00B8A0CD /* SOUtiles */ = {
			isa = PBXGroup;
			children = (
				9681DCB626B1AE500062EAD3 /* App */,
				96ECF0DE26B04DB100B8A0CD /* Category */,
				96ECF0DB26B04DB100B8A0CD /* UI */,
			);
			path = SOUtiles;
			sourceTree = "<group>";
		};
		96ECF0D726B04DB100B8A0CD /* Network */ = {
			isa = PBXGroup;
			children = (
				9681DCA926B197020062EAD3 /* SOApiError.h */,
				9681DCAA26B197020062EAD3 /* SOApiError.m */,
				9681DCAD26B1A2220062EAD3 /* SOApiRoute.h */,
				9681DCAE26B1A2220062EAD3 /* SOApiRoute.m */,
				9681DCB026B1A24E0062EAD3 /* SOApiRequestConfig.h */,
				9681DCB126B1A24E0062EAD3 /* SOApiRequestConfig.m */,
				9681DCB326B1A26B0062EAD3 /* SOApiRequestClient.h */,
				9681DCB426B1A26B0062EAD3 /* SOApiRequestClient.m */,
				9681DCAC26B1A1DE0062EAD3 /* SONetworkMacro.h */,
			);
			path = Network;
			sourceTree = "<group>";
		};
		96ECF0D826B04DB100B8A0CD /* Model */ = {
			isa = PBXGroup;
			children = (
				96ECF0DA26B04DB100B8A0CD /* SOBaseModel.h */,
				96ECF0D926B04DB100B8A0CD /* SOBaseModel.m */,
			);
			path = Model;
			sourceTree = "<group>";
		};
		96ECF0DB26B04DB100B8A0CD /* UI */ = {
			isa = PBXGroup;
			children = (
				96ECF0DC26B04DB100B8A0CD /* SOUIUtils.m */,
				96ECF0DD26B04DB100B8A0CD /* SOUIUtils.h */,
			);
			path = UI;
			sourceTree = "<group>";
		};
		96ECF0DE26B04DB100B8A0CD /* Category */ = {
			isa = PBXGroup;
			children = (
				96ECF0DF26B04DB100B8A0CD /* UIView+SOUtil.h */,
				96ECF0E026B04DB100B8A0CD /* UIView+SOLayout.h */,
				96ECF0E126B04DB100B8A0CD /* UIView+SOUtil.m */,
				96ECF0E226B04DB100B8A0CD /* UIView+SOLayout.m */,
			);
			path = Category;
			sourceTree = "<group>";
		};
		96ECF0E726B04DBB00B8A0CD /* VC */ = {
			isa = PBXGroup;
			children = (
				96ECF0E926B04DBB00B8A0CD /* SOLoginRegisterViewController.h */,
				96ECF0E826B04DBB00B8A0CD /* SOLoginRegisterViewController.m */,
			);
			path = VC;
			sourceTree = "<group>";
		};
		96ECF0EA26B04DBB00B8A0CD /* Com */ = {
			isa = PBXGroup;
			children = (
				96ECF0EF26B04DBB00B8A0CD /* SOWXApiManager.h */,
				96ECF0EC26B04DBB00B8A0CD /* SOWXApiManager.m */,
				96ECF0F026B04DBB00B8A0CD /* SOLoginCom.h */,
				96ECF0ED26B04DBB00B8A0CD /* SOLoginCom.m */,
			);
			path = Com;
			sourceTree = "<group>";
		};
		96ECF0F126B04DBB00B8A0CD /* Model */ = {
			isa = PBXGroup;
			children = (
				96ECF0F226B04DBB00B8A0CD /* SOLoginRegisterReqModel.h */,
				96ECF0F326B04DBB00B8A0CD /* SOLoginRegisterRespModel.m */,
				96ECF0F426B04DBB00B8A0CD /* SOLoginRegisterReqModel.m */,
				96ECF0F526B04DBB00B8A0CD /* SOLoginRegisterRespModel.h */,
			);
			path = Model;
			sourceTree = "<group>";
		};
/* End PBXGroup section */

/* Begin PBXNativeTarget section */
		967A7554269F270C000B762B /* SpringOvertrue */ = {
			isa = PBXNativeTarget;
			buildConfigurationList = 967A756E269F270E000B762B /* Build configuration list for PBXNativeTarget "SpringOvertrue" */;
			buildPhases = (
				E067BE92696DC1C37D63ED22 /* [CP] Check Pods Manifest.lock */,
				967A7551269F270C000B762B /* Sources */,
				967A7552269F270C000B762B /* Frameworks */,
				967A7553269F270C000B762B /* Resources */,
				AD8E717E5DE8BCEA7EC5A544 /* [CP] Embed Pods Frameworks */,
			);
			buildRules = (
			);
			dependencies = (
			);
			name = SpringOvertrue;
			productName = SpringOvertrue;
			productReference = 967A7555269F270C000B762B /* SpringOvertrue.app */;
			productType = "com.apple.product-type.application";
		};
/* End PBXNativeTarget section */

/* Begin PBXProject section */
		967A754D269F270C000B762B /* Project object */ = {
			isa = PBXProject;
			attributes = {
				LastUpgradeCheck = 1250;
				TargetAttributes = {
					967A7554269F270C000B762B = {
						CreatedOnToolsVersion = 12.5.1;
					};
				};
			};
			buildConfigurationList = 967A7550269F270C000B762B /* Build configuration list for PBXProject "SpringOvertrue" */;
			compatibilityVersion = "Xcode 9.3";
			developmentRegion = en;
			hasScannedForEncodings = 0;
			knownRegions = (
				en,
				Base,
			);
			mainGroup = 967A754C269F270C000B762B;
			productRefGroup = 967A7556269F270C000B762B /* Products */;
			projectDirPath = "";
			projectRoot = "";
			targets = (
				967A7554269F270C000B762B /* SpringOvertrue */,
			);
		};
/* End PBXProject section */

/* Begin PBXResourcesBuildPhase section */
		967A7553269F270C000B762B /* Resources */ = {
			isa = PBXResourcesBuildPhase;
			buildActionMask = 2147483647;
			files = (
				967A7568269F270E000B762B /* LaunchScreen.storyboard in Resources */,
				967A7565269F270E000B762B /* Assets.xcassets in Resources */,
				9675D0B926B5A6BB000D06BA /* SOLaunchTaskRegisterTable.plist in Resources */,
				967A7563269F270C000B762B /* Main.storyboard in Resources */,
			);
			runOnlyForDeploymentPostprocessing = 0;
		};
/* End PBXResourcesBuildPhase section */

/* Begin PBXShellScriptBuildPhase section */
		AD8E717E5DE8BCEA7EC5A544 /* [CP] Embed Pods Frameworks */ = {
			isa = PBXShellScriptBuildPhase;
			buildActionMask = 2147483647;
			files = (
			);
			inputFileListPaths = (
				"${PODS_ROOT}/Target Support Files/Pods-SpringOvertrue/Pods-SpringOvertrue-frameworks-${CONFIGURATION}-input-files.xcfilelist",
			);
			name = "[CP] Embed Pods Frameworks";
			outputFileListPaths = (
				"${PODS_ROOT}/Target Support Files/Pods-SpringOvertrue/Pods-SpringOvertrue-frameworks-${CONFIGURATION}-output-files.xcfilelist",
			);
			runOnlyForDeploymentPostprocessing = 0;
			shellPath = /bin/sh;
			shellScript = "\"${PODS_ROOT}/Target Support Files/Pods-SpringOvertrue/Pods-SpringOvertrue-frameworks.sh\"\n";
			showEnvVarsInLog = 0;
		};
		E067BE92696DC1C37D63ED22 /* [CP] Check Pods Manifest.lock */ = {
			isa = PBXShellScriptBuildPhase;
			buildActionMask = 2147483647;
			files = (
			);
			inputFileListPaths = (
			);
			inputPaths = (
				"${PODS_PODFILE_DIR_PATH}/Podfile.lock",
				"${PODS_ROOT}/Manifest.lock",
			);
			name = "[CP] Check Pods Manifest.lock";
			outputFileListPaths = (
			);
			outputPaths = (
				"$(DERIVED_FILE_DIR)/Pods-SpringOvertrue-checkManifestLockResult.txt",
			);
			runOnlyForDeploymentPostprocessing = 0;
			shellPath = /bin/sh;
			shellScript = "diff \"${PODS_PODFILE_DIR_PATH}/Podfile.lock\" \"${PODS_ROOT}/Manifest.lock\" > /dev/null\nif [ $? != 0 ] ; then\n    # print error to STDERR\n    echo \"error: The sandbox is not in sync with the Podfile.lock. Run 'pod install' or update your CocoaPods installation.\" >&2\n    exit 1\nfi\n# This output is used by Xcode 'outputs' to avoid re-running this script phase.\necho \"SUCCESS\" > \"${SCRIPT_OUTPUT_FILE_0}\"\n";
			showEnvVarsInLog = 0;
		};
/* End PBXShellScriptBuildPhase section */

/* Begin PBXSourcesBuildPhase section */
		967A7551269F270C000B762B /* Sources */ = {
			isa = PBXSourcesBuildPhase;
			buildActionMask = 2147483647;
			files = (
				9675D0AF26B2EEA2000D06BA /* SOUserManager.m in Sources */,
				9681DCAF26B1A2220062EAD3 /* SOApiRoute.m in Sources */,
				968142CF26A07C9800207460 /* LaunchManager.m in Sources */,
				96ECF0F726B04DBB00B8A0CD /* SOWXApiManager.m in Sources */,
				968142CC26A07C8400207460 /* LaunchTask.m in Sources */,
				96ECF0E326B04DB100B8A0CD /* SOBaseModel.m in Sources */,
				9681DCB926B1AE600062EAD3 /* SOAppInfo.m in Sources */,
				96A2F7AB269F408100024350 /* SOAppDelegate.m in Sources */,
				96ECF0E626B04DB100B8A0CD /* UIView+SOLayout.m in Sources */,
				9681DCAB26B197020062EAD3 /* SOApiError.m in Sources */,
				968142D626A0A1DC00207460 /* LaunchRootVc.m in Sources */,
				967A756B269F270E000B762B /* main.m in Sources */,
				9681DCB526B1A26B0062EAD3 /* SOApiRequestClient.m in Sources */,
				96ECF0E526B04DB100B8A0CD /* UIView+SOUtil.m in Sources */,
				96ECF0F626B04DBB00B8A0CD /* SOLoginRegisterViewController.m in Sources */,
				9675D0B326B59412000D06BA /* SOBaseViewController.m in Sources */,
				9675D0BD26B5AAEF000D06BA /* SOBaseCom.m in Sources */,
				968142D326A0A1BA00207460 /* LaunchWxSDK.m in Sources */,
				96ECF0F826B04DBB00B8A0CD /* SOLoginCom.m in Sources */,
				96ECF0FB26B04DBB00B8A0CD /* SOLoginRegisterReqModel.m in Sources */,
				96ECF0E426B04DB100B8A0CD /* SOUIUtils.m in Sources */,
				96ECF0FA26B04DBB00B8A0CD /* SOLoginRegisterRespModel.m in Sources */,
				9681DCB226B1A24E0062EAD3 /* SOApiRequestConfig.m in Sources */,
			);
			runOnlyForDeploymentPostprocessing = 0;
		};
/* End PBXSourcesBuildPhase section */

/* Begin PBXVariantGroup section */
		967A7561269F270C000B762B /* Main.storyboard */ = {
			isa = PBXVariantGroup;
			children = (
				967A7562269F270C000B762B /* Base */,
			);
			name = Main.storyboard;
			sourceTree = "<group>";
		};
		967A7566269F270E000B762B /* LaunchScreen.storyboard */ = {
			isa = PBXVariantGroup;
			children = (
				967A7567269F270E000B762B /* Base */,
			);
			name = LaunchScreen.storyboard;
			sourceTree = "<group>";
		};
/* End PBXVariantGroup section */

/* Begin XCBuildConfiguration section */
		967A756C269F270E000B762B /* Debug */ = {
			isa = XCBuildConfiguration;
			buildSettings = {
				ALWAYS_SEARCH_USER_PATHS = NO;
				CLANG_ANALYZER_NONNULL = YES;
				CLANG_ANALYZER_NUMBER_OBJECT_CONVERSION = YES_AGGRESSIVE;
				CLANG_CXX_LANGUAGE_STANDARD = "gnu++14";
				CLANG_CXX_LIBRARY = "libc++";
				CLANG_ENABLE_MODULES = YES;
				CLANG_ENABLE_OBJC_ARC = YES;
				CLANG_ENABLE_OBJC_WEAK = YES;
				CLANG_WARN_BLOCK_CAPTURE_AUTORELEASING = YES;
				CLANG_WARN_BOOL_CONVERSION = YES;
				CLANG_WARN_COMMA = YES;
				CLANG_WARN_CONSTANT_CONVERSION = YES;
				CLANG_WARN_DEPRECATED_OBJC_IMPLEMENTATIONS = YES;
				CLANG_WARN_DIRECT_OBJC_ISA_USAGE = YES_ERROR;
				CLANG_WARN_DOCUMENTATION_COMMENTS = YES;
				CLANG_WARN_EMPTY_BODY = YES;
				CLANG_WARN_ENUM_CONVERSION = YES;
				CLANG_WARN_INFINITE_RECURSION = YES;
				CLANG_WARN_INT_CONVERSION = YES;
				CLANG_WARN_NON_LITERAL_NULL_CONVERSION = YES;
				CLANG_WARN_OBJC_IMPLICIT_RETAIN_SELF = YES;
				CLANG_WARN_OBJC_LITERAL_CONVERSION = YES;
				CLANG_WARN_OBJC_ROOT_CLASS = YES_ERROR;
				CLANG_WARN_QUOTED_INCLUDE_IN_FRAMEWORK_HEADER = YES;
				CLANG_WARN_RANGE_LOOP_ANALYSIS = YES;
				CLANG_WARN_STRICT_PROTOTYPES = YES;
				CLANG_WARN_SUSPICIOUS_MOVE = YES;
				CLANG_WARN_UNGUARDED_AVAILABILITY = YES_AGGRESSIVE;
				CLANG_WARN_UNREACHABLE_CODE = YES;
				CLANG_WARN__DUPLICATE_METHOD_MATCH = YES;
				COPY_PHASE_STRIP = NO;
				DEBUG_INFORMATION_FORMAT = dwarf;
				ENABLE_STRICT_OBJC_MSGSEND = YES;
				ENABLE_TESTABILITY = YES;
				GCC_C_LANGUAGE_STANDARD = gnu11;
				GCC_DYNAMIC_NO_PIC = NO;
				GCC_NO_COMMON_BLOCKS = YES;
				GCC_OPTIMIZATION_LEVEL = 0;
				GCC_PREPROCESSOR_DEFINITIONS = (
					"DEBUG=1",
					"$(inherited)",
				);
				GCC_WARN_64_TO_32_BIT_CONVERSION = YES;
				GCC_WARN_ABOUT_RETURN_TYPE = YES_ERROR;
				GCC_WARN_UNDECLARED_SELECTOR = YES;
				GCC_WARN_UNINITIALIZED_AUTOS = YES_AGGRESSIVE;
				GCC_WARN_UNUSED_FUNCTION = YES;
				GCC_WARN_UNUSED_VARIABLE = YES;
				IPHONEOS_DEPLOYMENT_TARGET = 10.0;
				MTL_ENABLE_DEBUG_INFO = INCLUDE_SOURCE;
				MTL_FAST_MATH = YES;
				ONLY_ACTIVE_ARCH = YES;
				SDKROOT = iphoneos;
			};
			name = Debug;
		};
		967A756D269F270E000B762B /* Release */ = {
			isa = XCBuildConfiguration;
			buildSettings = {
				ALWAYS_SEARCH_USER_PATHS = NO;
				CLANG_ANALYZER_NONNULL = YES;
				CLANG_ANALYZER_NUMBER_OBJECT_CONVERSION = YES_AGGRESSIVE;
				CLANG_CXX_LANGUAGE_STANDARD = "gnu++14";
				CLANG_CXX_LIBRARY = "libc++";
				CLANG_ENABLE_MODULES = YES;
				CLANG_ENABLE_OBJC_ARC = YES;
				CLANG_ENABLE_OBJC_WEAK = YES;
				CLANG_WARN_BLOCK_CAPTURE_AUTORELEASING = YES;
				CLANG_WARN_BOOL_CONVERSION = YES;
				CLANG_WARN_COMMA = YES;
				CLANG_WARN_CONSTANT_CONVERSION = YES;
				CLANG_WARN_DEPRECATED_OBJC_IMPLEMENTATIONS = YES;
				CLANG_WARN_DIRECT_OBJC_ISA_USAGE = YES_ERROR;
				CLANG_WARN_DOCUMENTATION_COMMENTS = YES;
				CLANG_WARN_EMPTY_BODY = YES;
				CLANG_WARN_ENUM_CONVERSION = YES;
				CLANG_WARN_INFINITE_RECURSION = YES;
				CLANG_WARN_INT_CONVERSION = YES;
				CLANG_WARN_NON_LITERAL_NULL_CONVERSION = YES;
				CLANG_WARN_OBJC_IMPLICIT_RETAIN_SELF = YES;
				CLANG_WARN_OBJC_LITERAL_CONVERSION = YES;
				CLANG_WARN_OBJC_ROOT_CLASS = YES_ERROR;
				CLANG_WARN_QUOTED_INCLUDE_IN_FRAMEWORK_HEADER = YES;
				CLANG_WARN_RANGE_LOOP_ANALYSIS = YES;
				CLANG_WARN_STRICT_PROTOTYPES = YES;
				CLANG_WARN_SUSPICIOUS_MOVE = YES;
				CLANG_WARN_UNGUARDED_AVAILABILITY = YES_AGGRESSIVE;
				CLANG_WARN_UNREACHABLE_CODE = YES;
				CLANG_WARN__DUPLICATE_METHOD_MATCH = YES;
				COPY_PHASE_STRIP = NO;
				DEBUG_INFORMATION_FORMAT = "dwarf-with-dsym";
				ENABLE_NS_ASSERTIONS = NO;
				ENABLE_STRICT_OBJC_MSGSEND = YES;
				GCC_C_LANGUAGE_STANDARD = gnu11;
				GCC_NO_COMMON_BLOCKS = YES;
				GCC_WARN_64_TO_32_BIT_CONVERSION = YES;
				GCC_WARN_ABOUT_RETURN_TYPE = YES_ERROR;
				GCC_WARN_UNDECLARED_SELECTOR = YES;
				GCC_WARN_UNINITIALIZED_AUTOS = YES_AGGRESSIVE;
				GCC_WARN_UNUSED_FUNCTION = YES;
				GCC_WARN_UNUSED_VARIABLE = YES;
				IPHONEOS_DEPLOYMENT_TARGET = 10.0;
				MTL_ENABLE_DEBUG_INFO = NO;
				MTL_FAST_MATH = YES;
				SDKROOT = iphoneos;
				VALIDATE_PRODUCT = YES;
			};
			name = Release;
		};
		967A756F269F270E000B762B /* Debug */ = {
			isa = XCBuildConfiguration;
			baseConfigurationReference = CF5EA8A67C3236AC66BA5931 /* Pods-SpringOvertrue.debug.xcconfig */;
			buildSettings = {
				ASSETCATALOG_COMPILER_APPICON_NAME = AppIcon;
				ASSETCATALOG_COMPILER_GLOBAL_ACCENT_COLOR_NAME = AccentColor;
				CODE_SIGN_STYLE = Automatic;
				DEVELOPMENT_TEAM = T9T65B34B3;
				GCC_PREFIX_HEADER = "$(SRCROOT)/SpringOvertrue/App/SOPrefixHeader.pch";
				INFOPLIST_FILE = SpringOvertrue/App/Info.plist;
				LD_RUNPATH_SEARCH_PATHS = (
					"$(inherited)",
					"@executable_path/Frameworks",
				);
				PRODUCT_BUNDLE_IDENTIFIER = com.Sharker.Tec.SpringOvertrue;
				PRODUCT_NAME = "$(TARGET_NAME)";
				TARGETED_DEVICE_FAMILY = "1,2";
				USER_HEADER_SEARCH_PATHS = "";
			};
			name = Debug;
		};
		967A7570269F270E000B762B /* Release */ = {
			isa = XCBuildConfiguration;
			baseConfigurationReference = FEC5E6CBBF7C425F7EF8E057 /* Pods-SpringOvertrue.release.xcconfig */;
			buildSettings = {
				ASSETCATALOG_COMPILER_APPICON_NAME = AppIcon;
				ASSETCATALOG_COMPILER_GLOBAL_ACCENT_COLOR_NAME = AccentColor;
				CODE_SIGN_STYLE = Automatic;
				DEVELOPMENT_TEAM = T9T65B34B3;
				GCC_PREFIX_HEADER = "$(SRCROOT)/SpringOvertrue/App/SOPrefixHeader.pch";
				INFOPLIST_FILE = SpringOvertrue/App/Info.plist;
				LD_RUNPATH_SEARCH_PATHS = (
					"$(inherited)",
					"@executable_path/Frameworks",
				);
				PRODUCT_BUNDLE_IDENTIFIER = com.Sharker.Tec.SpringOvertrue;
				PRODUCT_NAME = "$(TARGET_NAME)";
				TARGETED_DEVICE_FAMILY = "1,2";
				USER_HEADER_SEARCH_PATHS = "";
			};
			name = Release;
		};
/* End XCBuildConfiguration section */

/* Begin XCConfigurationList section */
		967A7550269F270C000B762B /* Build configuration list for PBXProject "SpringOvertrue" */ = {
			isa = XCConfigurationList;
			buildConfigurations = (
				967A756C269F270E000B762B /* Debug */,
				967A756D269F270E000B762B /* Release */,
			);
			defaultConfigurationIsVisible = 0;
			defaultConfigurationName = Release;
		};
		967A756E269F270E000B762B /* Build configuration list for PBXNativeTarget "SpringOvertrue" */ = {
			isa = XCConfigurationList;
			buildConfigurations = (
				967A756F269F270E000B762B /* Debug */,
				967A7570269F270E000B762B /* Release */,
			);
			defaultConfigurationIsVisible = 0;
			defaultConfigurationName = Release;
		};
/* End XCConfigurationList section */
	};
	rootObject = 967A754D269F270C000B762B /* Project object */;
}
